
Microsoft Visual Studio Solution File, Format Version 12.00
# Visual Studio 2012
Project("{9092AA53-FB77-4645-B42D-1CCCA6BD08BD}") = "MeanNode", "MeanNode\MeanNode.njsproj", "{27E03292-C728-4F64-B286-674CE3E3B799}"
EndProject
Global
	GlobalSection(SolutionConfigurationPlatforms) = preSolution
		Debug|Any CPU = Debug|Any CPU
		Release|Any CPU = Release|Any CPU
	EndGlobalSection
	GlobalSection(ProjectConfigurationPlatforms) = postSolution
		{27E03292-C728-4F64-B286-674CE3E3B799}.Debug|Any CPU.ActiveCfg = Debug|Any CPU
		{27E03292-C728-4F64-B286-674CE3E3B799}.Debug|Any CPU.Build.0 = Debug|Any CPU
		{27E03292-C728-4F64-B286-674CE3E3B799}.Release|Any CPU.ActiveCfg = Release|Any CPU
		{27E03292-C728-4F64-B286-674CE3E3B799}.Release|Any CPU.Build.0 = Release|Any CPU
	EndGlobalSection
	GlobalSection(SolutionProperties) = preSolution
		HideSolutionNode = FALSE
	EndGlobalSection
EndGlobal
